
Microsoft Visual Studio Solution File, Format Version 12.00
# Visual Studio 14
VisualStudioVersion = 14.0.25420.1
MinimumVisualStudioVersion = 10.0.40219.1
Project("{FAE04EC0-301F-11D3-BF4B-00C04F79EFBC}") = "PDFParser", "PDFParser\PDFParser.csproj", "{D6ECE914-8261-4F42-92C7-F8106A824475}"
EndProject
Project("{FAE04EC0-301F-11D3-BF4B-00C04F79EFBC}") = "PDFParsingEngine", "PDFParsingEngine\PDFParsingEngine.csproj", "{DA77623F-CD39-435B-A741-DD34D57D884D}"
EndProject
Project("{FAE04EC0-301F-11D3-BF4B-00C04F79EFBC}") = "PDFParsingEngine.Test", "PDFParsingEngine.Test\PDFParsingEngine.Test.csproj", "{2870B20B-5344-458C-823D-D015CC3D0A8E}"
EndProject
Global
	GlobalSection(SolutionConfigurationPlatforms) = preSolution
		Debug|Any CPU = Debug|Any CPU
		Release|Any CPU = Release|Any CPU
	EndGlobalSection
	GlobalSection(ProjectConfigurationPlatforms) = postSolution
		{D6ECE914-8261-4F42-92C7-F8106A824475}.Debug|Any CPU.ActiveCfg = Debug|Any CPU
		{D6ECE914-8261-4F42-92C7-F8106A824475}.Debug|Any CPU.Build.0 = Debug|Any CPU
		{D6ECE914-8261-4F42-92C7-F8106A824475}.Release|Any CPU.ActiveCfg = Release|Any CPU
		{D6ECE914-8261-4F42-92C7-F8106A824475}.Release|Any CPU.Build.0 = Release|Any CPU
		{DA77623F-CD39-435B-A741-DD34D57D884D}.Debug|Any CPU.ActiveCfg = Debug|Any CPU
		{DA77623F-CD39-435B-A741-DD34D57D884D}.Debug|Any CPU.Build.0 = Debug|Any CPU
		{DA77623F-CD39-435B-A741-DD34D57D884D}.Release|Any CPU.ActiveCfg = Release|Any CPU
		{DA77623F-CD39-435B-A741-DD34D57D884D}.Release|Any CPU.Build.0 = Release|Any CPU
		{2870B20B-5344-458C-823D-D015CC3D0A8E}.Debug|Any CPU.ActiveCfg = Debug|Any CPU
		{2870B20B-5344-458C-823D-D015CC3D0A8E}.Debug|Any CPU.Build.0 = Debug|Any CPU
		{2870B20B-5344-458C-823D-D015CC3D0A8E}.Release|Any CPU.ActiveCfg = Release|Any CPU
		{2870B20B-5344-458C-823D-D015CC3D0A8E}.Release|Any CPU.Build.0 = Release|Any CPU
	EndGlobalSection
	GlobalSection(SolutionProperties) = preSolution
		HideSolutionNode = FALSE
	EndGlobalSection
EndGlobal
