
Microsoft Visual Studio Solution File, Format Version 12.00
# Visual Studio 14
VisualStudioVersion = 14.0.25420.1
MinimumVisualStudioVersion = 10.0.40219.1
Project("{FAE04EC0-301F-11D3-BF4B-00C04F79EFBC}") = "WPFBasics", "WPFBasics\WPFBasics.csproj", "{CF96631C-0C43-4BC1-B7CC-8A8643F420EB}"
EndProject
Project("{FAE04EC0-301F-11D3-BF4B-00C04F79EFBC}") = "WPFModel", "WPFModel\WPFModel.csproj", "{36160F75-514B-40C6-8C62-9815D4F52E6E}"
EndProject
Global
	GlobalSection(SolutionConfigurationPlatforms) = preSolution
		Debug|Any CPU = Debug|Any CPU
		Release|Any CPU = Release|Any CPU
	EndGlobalSection
	GlobalSection(ProjectConfigurationPlatforms) = postSolution
		{CF96631C-0C43-4BC1-B7CC-8A8643F420EB}.Debug|Any CPU.ActiveCfg = Debug|Any CPU
		{CF96631C-0C43-4BC1-B7CC-8A8643F420EB}.Debug|Any CPU.Build.0 = Debug|Any CPU
		{CF96631C-0C43-4BC1-B7CC-8A8643F420EB}.Release|Any CPU.ActiveCfg = Release|Any CPU
		{CF96631C-0C43-4BC1-B7CC-8A8643F420EB}.Release|Any CPU.Build.0 = Release|Any CPU
		{36160F75-514B-40C6-8C62-9815D4F52E6E}.Debug|Any CPU.ActiveCfg = Debug|Any CPU
		{36160F75-514B-40C6-8C62-9815D4F52E6E}.Debug|Any CPU.Build.0 = Debug|Any CPU
		{36160F75-514B-40C6-8C62-9815D4F52E6E}.Release|Any CPU.ActiveCfg = Release|Any CPU
		{36160F75-514B-40C6-8C62-9815D4F52E6E}.Release|Any CPU.Build.0 = Release|Any CPU
	EndGlobalSection
	GlobalSection(SolutionProperties) = preSolution
		HideSolutionNode = FALSE
	EndGlobalSection
EndGlobal
